// !$*UTF8*$!
{
	archiveVersion = 1;
	classes = {
	};
	objectVersion = 50;
	objects = {

/* Begin PBXBuildFile section */
		EDB1B47B22460E3900E206F5 /* AppDelegate.swift in Sources */ = {isa = PBXBuildFile; fileRef = EDB1B47A22460E3900E206F5 /* AppDelegate.swift */; };
		EDB1B47D22460E3900E206F5 /* ViewController.swift in Sources */ = {isa = PBXBuildFile; fileRef = EDB1B47C22460E3900E206F5 /* ViewController.swift */; };
		EDB1B48022460E3900E206F5 /* Main.storyboard in Resources */ = {isa = PBXBuildFile; fileRef = EDB1B47E22460E3900E206F5 /* Main.storyboard */; };
		EDB1B48222460E3A00E206F5 /* Assets.xcassets in Resources */ = {isa = PBXBuildFile; fileRef = EDB1B48122460E3A00E206F5 /* Assets.xcassets */; };
		EDB1B48522460E3A00E206F5 /* LaunchScreen.storyboard in Resources */ = {isa = PBXBuildFile; fileRef = EDB1B48322460E3A00E206F5 /* LaunchScreen.storyboard */; };
		EDB1B49022460E3A00E206F5 /* SlideshowAppTests.swift in Sources */ = {isa = PBXBuildFile; fileRef = EDB1B48F22460E3A00E206F5 /* SlideshowAppTests.swift */; };
		EDB1B49B22460E3A00E206F5 /* SlideshowAppUITests.swift in Sources */ = {isa = PBXBuildFile; fileRef = EDB1B49A22460E3A00E206F5 /* SlideshowAppUITests.swift */; };
		EDB1B4B5224CA25B00E206F5 /* chocolate.jpg in Resources */ = {isa = PBXBuildFile; fileRef = EDB1B4B4224CA25A00E206F5 /* chocolate.jpg */; };
		EDB1B4B7224CA26200E206F5 /* grape.jpg in Resources */ = {isa = PBXBuildFile; fileRef = EDB1B4B6224CA26200E206F5 /* grape.jpg */; };
		EDB1B4B9224CA26A00E206F5 /* onion.jpg in Resources */ = {isa = PBXBuildFile; fileRef = EDB1B4B8224CA26A00E206F5 /* onion.jpg */; };
		EDB1B4BD224E2D4100E206F5 /* NextViewController.swift in Sources */ = {isa = PBXBuildFile; fileRef = EDB1B4BC224E2D4100E206F5 /* NextViewController.swift */; };
/* End PBXBuildFile section */

/* Begin PBXContainerItemProxy section */
		EDB1B48C22460E3A00E206F5 /* PBXContainerItemProxy */ = {
			isa = PBXContainerItemProxy;
			containerPortal = EDB1B46F22460E3900E206F5 /* Project object */;
			proxyType = 1;
			remoteGlobalIDString = EDB1B47622460E3900E206F5;
			remoteInfo = SlideshowApp;
		};
		EDB1B49722460E3A00E206F5 /* PBXContainerItemProxy */ = {
			isa = PBXContainerItemProxy;
			containerPortal = EDB1B46F22460E3900E206F5 /* Project object */;
			proxyType = 1;
			remoteGlobalIDString = EDB1B47622460E3900E206F5;
			remoteInfo = SlideshowApp;
		};
/* End PBXContainerItemProxy section */

/* Begin PBXFileReference section */
		EDB1B47722460E3900E206F5 /* SlideshowApp.app */ = {isa = PBXFileReference; explicitFileType = wrapper.application; includeInIndex = 0; path = SlideshowApp.app; sourceTree = BUILT_PRODUCTS_DIR; };
		EDB1B47A22460E3900E206F5 /* AppDelegate.swift */ = {isa = PBXFileReference; lastKnownFileType = sourcecode.swift; path = AppDelegate.swift; sourceTree = "<group>"; };
		EDB1B47C22460E3900E206F5 /* ViewController.swift */ = {isa = PBXFileReference; lastKnownFileType = sourcecode.swift; path = ViewController.swift; sourceTree = "<group>"; };
		EDB1B47F22460E3900E206F5 /* Base */ = {isa = PBXFileReference; lastKnownFileType = file.storyboard; name = Base; path = Base.lproj/Main.storyboard; sourceTree = "<group>"; };
		EDB1B48122460E3A00E206F5 /* Assets.xcassets */ = {isa = PBXFileReference; lastKnownFileType = folder.assetcatalog; path = Assets.xcassets; sourceTree = "<group>"; };
		EDB1B48422460E3A00E206F5 /* Base */ = {isa = PBXFileReference; lastKnownFileType = file.storyboard; name = Base; path = Base.lproj/LaunchScreen.storyboard; sourceTree = "<group>"; };
		EDB1B48622460E3A00E206F5 /* Info.plist */ = {isa = PBXFileReference; lastKnownFileType = text.plist.xml; path = Info.plist; sourceTree = "<group>"; };
		EDB1B48B22460E3A00E206F5 /* SlideshowAppTests.xctest */ = {isa = PBXFileReference; explicitFileType = wrapper.cfbundle; includeInIndex = 0; path = SlideshowAppTests.xctest; sourceTree = BUILT_PRODUCTS_DIR; };
		EDB1B48F22460E3A00E206F5 /* SlideshowAppTests.swift */ = {isa = PBXFileReference; lastKnownFileType = sourcecode.swift; path = SlideshowAppTests.swift; sourceTree = "<group>"; };
		EDB1B49122460E3A00E206F5 /* Info.plist */ = {isa = PBXFileReference; lastKnownFileType = text.plist.xml; path = Info.plist; sourceTree = "<group>"; };
		EDB1B49622460E3A00E206F5 /* SlideshowAppUITests.xctest */ = {isa = PBXFileReference; explicitFileType = wrapper.cfbundle; includeInIndex = 0; path = SlideshowAppUITests.xctest; sourceTree = BUILT_PRODUCTS_DIR; };
		EDB1B49A22460E3A00E206F5 /* SlideshowAppUITests.swift */ = {isa = PBXFileReference; lastKnownFileType = sourcecode.swift; path = SlideshowAppUITests.swift; sourceTree = "<group>"; };
		EDB1B49C22460E3A00E206F5 /* Info.plist */ = {isa = PBXFileReference; lastKnownFileType = text.plist.xml; path = Info.plist; sourceTree = "<group>"; };
		EDB1B4B4224CA25A00E206F5 /* chocolate.jpg */ = {isa = PBXFileReference; lastKnownFileType = image.jpeg; name = chocolate.jpg; path = "../../../../Documents/99.その他/02.素材/写真/chocolate.jpg"; sourceTree = "<group>"; };
		EDB1B4B6224CA26200E206F5 /* grape.jpg */ = {isa = PBXFileReference; lastKnownFileType = image.jpeg; name = grape.jpg; path = "../../../../Documents/99.その他/02.素材/写真/grape.jpg"; sourceTree = "<group>"; };
		EDB1B4B8224CA26A00E206F5 /* onion.jpg */ = {isa = PBXFileReference; lastKnownFileType = image.jpeg; name = onion.jpg; path = "../../../../Documents/99.その他/02.素材/写真/onion.jpg"; sourceTree = "<group>"; };
		EDB1B4BC224E2D4100E206F5 /* NextViewController.swift */ = {isa = PBXFileReference; lastKnownFileType = sourcecode.swift; path = NextViewController.swift; sourceTree = "<group>"; };
/* End PBXFileReference section */

/* Begin PBXFrameworksBuildPhase section */
		EDB1B47422460E3900E206F5 /* Frameworks */ = {
			isa = PBXFrameworksBuildPhase;
			buildActionMask = 2147483647;
			files = (
			);
			runOnlyForDeploymentPostprocessing = 0;
		};
		EDB1B48822460E3A00E206F5 /* Frameworks */ = {
			isa = PBXFrameworksBuildPhase;
			buildActionMask = 2147483647;
			files = (
			);
			runOnlyForDeploymentPostprocessing = 0;
		};
		EDB1B49322460E3A00E206F5 /* Frameworks */ = {
			isa = PBXFrameworksBuildPhase;
			buildActionMask = 2147483647;
			files = (
			);
			runOnlyForDeploymentPostprocessing = 0;
		};
/* End PBXFrameworksBuildPhase section */

/* Begin PBXGroup section */
		EDB1B46E22460E3900E206F5 = {
			isa = PBXGroup;
			children = (
				EDB1B47922460E3900E206F5 /* SlideshowApp */,
				EDB1B48E22460E3A00E206F5 /* SlideshowAppTests */,
				EDB1B49922460E3A00E206F5 /* SlideshowAppUITests */,
				EDB1B47822460E3900E206F5 /* Products */,
			);
			sourceTree = "<group>";
		};
		EDB1B47822460E3900E206F5 /* Products */ = {
			isa = PBXGroup;
			children = (
				EDB1B47722460E3900E206F5 /* SlideshowApp.app */,
				EDB1B48B22460E3A00E206F5 /* SlideshowAppTests.xctest */,
				EDB1B49622460E3A00E206F5 /* SlideshowAppUITests.xctest */,
			);
			name = Products;
			sourceTree = "<group>";
		};
		EDB1B47922460E3900E206F5 /* SlideshowApp */ = {
			isa = PBXGroup;
			children = (
				EDB1B47A22460E3900E206F5 /* AppDelegate.swift */,
				EDB1B4BC224E2D4100E206F5 /* NextViewController.swift */,
				EDB1B47C22460E3900E206F5 /* ViewController.swift */,
				EDB1B47E22460E3900E206F5 /* Main.storyboard */,
				EDB1B4B4224CA25A00E206F5 /* chocolate.jpg */,
				EDB1B4B6224CA26200E206F5 /* grape.jpg */,
				EDB1B4B8224CA26A00E206F5 /* onion.jpg */,
				EDB1B48122460E3A00E206F5 /* Assets.xcassets */,
				EDB1B48322460E3A00E206F5 /* LaunchScreen.storyboard */,
				EDB1B48622460E3A00E206F5 /* Info.plist */,
			);
			path = SlideshowApp;
			sourceTree = "<group>";
		};
		EDB1B48E22460E3A00E206F5 /* SlideshowAppTests */ = {
			isa = PBXGroup;
			children = (
				EDB1B48F22460E3A00E206F5 /* SlideshowAppTests.swift */,
				EDB1B49122460E3A00E206F5 /* Info.plist */,
			);
			path = SlideshowAppTests;
			sourceTree = "<group>";
		};
		EDB1B49922460E3A00E206F5 /* SlideshowAppUITests */ = {
			isa = PBXGroup;
			children = (
				EDB1B49A22460E3A00E206F5 /* SlideshowAppUITests.swift */,
				EDB1B49C22460E3A00E206F5 /* Info.plist */,
			);
			path = SlideshowAppUITests;
			sourceTree = "<group>";
		};
/* End PBXGroup section */

/* Begin PBXNativeTarget section */
		EDB1B47622460E3900E206F5 /* SlideshowApp */ = {
			isa = PBXNativeTarget;
			buildConfigurationList = EDB1B49F22460E3A00E206F5 /* Build configuration list for PBXNativeTarget "SlideshowApp" */;
			buildPhases = (
				EDB1B47322460E3900E206F5 /* Sources */,
				EDB1B47422460E3900E206F5 /* Frameworks */,
				EDB1B47522460E3900E206F5 /* Resources */,
			);
			buildRules = (
			);
			dependencies = (
			);
			name = SlideshowApp;
			productName = SlideshowApp;
			productReference = EDB1B47722460E3900E206F5 /* SlideshowApp.app */;
			productType = "com.apple.product-type.application";
		};
		EDB1B48A22460E3A00E206F5 /* SlideshowAppTests */ = {
			isa = PBXNativeTarget;
			buildConfigurationList = EDB1B4A222460E3A00E206F5 /* Build configuration list for PBXNativeTarget "SlideshowAppTests" */;
			buildPhases = (
				EDB1B48722460E3A00E206F5 /* Sources */,
				EDB1B48822460E3A00E206F5 /* Frameworks */,
				EDB1B48922460E3A00E206F5 /* Resources */,
			);
			buildRules = (
			);
			dependencies = (
				EDB1B48D22460E3A00E206F5 /* PBXTargetDependency */,
			);
			name = SlideshowAppTests;
			productName = SlideshowAppTests;
			productReference = EDB1B48B22460E3A00E206F5 /* SlideshowAppTests.xctest */;
			productType = "com.apple.product-type.bundle.unit-test";
		};
		EDB1B49522460E3A00E206F5 /* SlideshowAppUITests */ = {
			isa = PBXNativeTarget;
			buildConfigurationList = EDB1B4A522460E3A00E206F5 /* Build configuration list for PBXNativeTarget "SlideshowAppUITests" */;
			buildPhases = (
				EDB1B49222460E3A00E206F5 /* Sources */,
				EDB1B49322460E3A00E206F5 /* Frameworks */,
				EDB1B49422460E3A00E206F5 /* Resources */,
			);
			buildRules = (
			);
			dependencies = (
				EDB1B49822460E3A00E206F5 /* PBXTargetDependency */,
			);
			name = SlideshowAppUITests;
			productName = SlideshowAppUITests;
			productReference = EDB1B49622460E3A00E206F5 /* SlideshowAppUITests.xctest */;
			productType = "com.apple.product-type.bundle.ui-testing";
		};
/* End PBXNativeTarget section */

/* Begin PBXProject section */
		EDB1B46F22460E3900E206F5 /* Project object */ = {
			isa = PBXProject;
			attributes = {
				LastSwiftUpdateCheck = 1010;
				LastUpgradeCheck = 1010;
				ORGANIZATIONNAME = Yutaro_Hagiwara;
				TargetAttributes = {
					EDB1B47622460E3900E206F5 = {
						CreatedOnToolsVersion = 10.1;
					};
					EDB1B48A22460E3A00E206F5 = {
						CreatedOnToolsVersion = 10.1;
						TestTargetID = EDB1B47622460E3900E206F5;
					};
					EDB1B49522460E3A00E206F5 = {
						CreatedOnToolsVersion = 10.1;
						TestTargetID = EDB1B47622460E3900E206F5;
					};
				};
			};
			buildConfigurationList = EDB1B47222460E3900E206F5 /* Build configuration list for PBXProject "SlideshowApp" */;
			compatibilityVersion = "Xcode 9.3";
			developmentRegion = en;
			hasScannedForEncodings = 0;
			knownRegions = (
				en,
				Base,
			);
			mainGroup = EDB1B46E22460E3900E206F5;
			productRefGroup = EDB1B47822460E3900E206F5 /* Products */;
			projectDirPath = "";
			projectRoot = "";
			targets = (
				EDB1B47622460E3900E206F5 /* SlideshowApp */,
				EDB1B48A22460E3A00E206F5 /* SlideshowAppTests */,
				EDB1B49522460E3A00E206F5 /* SlideshowAppUITests */,
			);
		};
/* End PBXProject section */

/* Begin PBXResourcesBuildPhase section */
		EDB1B47522460E3900E206F5 /* Resources */ = {
			isa = PBXResourcesBuildPhase;
			buildActionMask = 2147483647;
			files = (
				EDB1B4B7224CA26200E206F5 /* grape.jpg in Resources */,
				EDB1B4B9224CA26A00E206F5 /* onion.jpg in Resources */,
				EDB1B48522460E3A00E206F5 /* LaunchScreen.storyboard in Resources */,
				EDB1B48222460E3A00E206F5 /* Assets.xcassets in Resources */,
				EDB1B4B5224CA25B00E206F5 /* chocolate.jpg in Resources */,
				EDB1B48022460E3900E206F5 /* Main.storyboard in Resources */,
			);
			runOnlyForDeploymentPostprocessing = 0;
		};
		EDB1B48922460E3A00E206F5 /* Resources */ = {
			isa = PBXResourcesBuildPhase;
			buildActionMask = 2147483647;
			files = (
			);
			runOnlyForDeploymentPostprocessing = 0;
		};
		EDB1B49422460E3A00E206F5 /* Resources */ = {
			isa = PBXResourcesBuildPhase;
			buildActionMask = 2147483647;
			files = (
			);
			runOnlyForDeploymentPostprocessing = 0;
		};
/* End PBXResourcesBuildPhase section */

/* Begin PBXSourcesBuildPhase section */
		EDB1B47322460E3900E206F5 /* Sources */ = {
			isa = PBXSourcesBuildPhase;
			buildActionMask = 2147483647;
			files = (
				EDB1B47D22460E3900E206F5 /* ViewController.swift in Sources */,
				EDB1B4BD224E2D4100E206F5 /* NextViewController.swift in Sources */,
				EDB1B47B22460E3900E206F5 /* AppDelegate.swift in Sources */,
			);
			runOnlyForDeploymentPostprocessing = 0;
		};
		EDB1B48722460E3A00E206F5 /* Sources */ = {
			isa = PBXSourcesBuildPhase;
			buildActionMask = 2147483647;
			files = (
				EDB1B49022460E3A00E206F5 /* SlideshowAppTests.swift in Sources */,
			);
			runOnlyForDeploymentPostprocessing = 0;
		};
		EDB1B49222460E3A00E206F5 /* Sources */ = {
			isa = PBXSourcesBuildPhase;
			buildActionMask = 2147483647;
			files = (
				EDB1B49B22460E3A00E206F5 /* SlideshowAppUITests.swift in Sources */,
			);
			runOnlyForDeploymentPostprocessing = 0;
		};
/* End PBXSourcesBuildPhase section */

/* Begin PBXTargetDependency section */
		EDB1B48D22460E3A00E206F5 /* PBXTargetDependency */ = {
			isa = PBXTargetDependency;
			target = EDB1B47622460E3900E206F5 /* SlideshowApp */;
			targetProxy = EDB1B48C22460E3A00E206F5 /* PBXContainerItemProxy */;
		};
		EDB1B49822460E3A00E206F5 /* PBXTargetDependency */ = {
			isa = PBXTargetDependency;
			target = EDB1B47622460E3900E206F5 /* SlideshowApp */;
			targetProxy = EDB1B49722460E3A00E206F5 /* PBXContainerItemProxy */;
		};
/* End PBXTargetDependency section */

/* Begin PBXVariantGroup section */
		EDB1B47E22460E3900E206F5 /* Main.storyboard */ = {
			isa = PBXVariantGroup;
			children = (
				EDB1B47F22460E3900E206F5 /* Base */,
			);
			name = Main.storyboard;
			sourceTree = "<group>";
		};
		EDB1B48322460E3A00E206F5 /* LaunchScreen.storyboard */ = {
			isa = PBXVariantGroup;
			children = (
				EDB1B48422460E3A00E206F5 /* Base */,
			);
			name = LaunchScreen.storyboard;
			sourceTree = "<group>";
		};
/* End PBXVariantGroup section */

/* Begin XCBuildConfiguration section */
		EDB1B49D22460E3A00E206F5 /* Debug */ = {
			isa = XCBuildConfiguration;
			buildSettings = {
				ALWAYS_SEARCH_USER_PATHS = NO;
				CLANG_ANALYZER_NONNULL = YES;
				CLANG_ANALYZER_NUMBER_OBJECT_CONVERSION = YES_AGGRESSIVE;
				CLANG_CXX_LANGUAGE_STANDARD = "gnu++14";
				CLANG_CXX_LIBRARY = "libc++";
				CLANG_ENABLE_MODULES = YES;
				CLANG_ENABLE_OBJC_ARC = YES;
				CLANG_ENABLE_OBJC_WEAK = YES;
				CLANG_WARN_BLOCK_CAPTURE_AUTORELEASING = YES;
				CLANG_WARN_BOOL_CONVERSION = YES;
				CLANG_WARN_COMMA = YES;
				CLANG_WARN_CONSTANT_CONVERSION = YES;
				CLANG_WARN_DEPRECATED_OBJC_IMPLEMENTATIONS = YES;
				CLANG_WARN_DIRECT_OBJC_ISA_USAGE = YES_ERROR;
				CLANG_WARN_DOCUMENTATION_COMMENTS = YES;
				CLANG_WARN_EMPTY_BODY = YES;
				CLANG_WARN_ENUM_CONVERSION = YES;
				CLANG_WARN_INFINITE_RECURSION = YES;
				CLANG_WARN_INT_CONVERSION = YES;
				CLANG_WARN_NON_LITERAL_NULL_CONVERSION = YES;
				CLANG_WARN_OBJC_IMPLICIT_RETAIN_SELF = YES;
				CLANG_WARN_OBJC_LITERAL_CONVERSION = YES;
				CLANG_WARN_OBJC_ROOT_CLASS = YES_ERROR;
				CLANG_WARN_RANGE_LOOP_ANALYSIS = YES;
				CLANG_WARN_STRICT_PROTOTYPES = YES;
				CLANG_WARN_SUSPICIOUS_MOVE = YES;
				CLANG_WARN_UNGUARDED_AVAILABILITY = YES_AGGRESSIVE;
				CLANG_WARN_UNREACHABLE_CODE = YES;
				CLANG_WARN__DUPLICATE_METHOD_MATCH = YES;
				CODE_SIGN_IDENTITY = "iPhone Developer";
				COPY_PHASE_STRIP = NO;
				DEBUG_INFORMATION_FORMAT = dwarf;
				ENABLE_STRICT_OBJC_MSGSEND = YES;
				ENABLE_TESTABILITY = YES;
				GCC_C_LANGUAGE_STANDARD = gnu11;
				GCC_DYNAMIC_NO_PIC = NO;
				GCC_NO_COMMON_BLOCKS = YES;
				GCC_OPTIMIZATION_LEVEL = 0;
				GCC_PREPROCESSOR_DEFINITIONS = (
					"DEBUG=1",
					"$(inherited)",
				);
				GCC_WARN_64_TO_32_BIT_CONVERSION = YES;
				GCC_WARN_ABOUT_RETURN_TYPE = YES_ERROR;
				GCC_WARN_UNDECLARED_SELECTOR = YES;
				GCC_WARN_UNINITIALIZED_AUTOS = YES_AGGRESSIVE;
				GCC_WARN_UNUSED_FUNCTION = YES;
				GCC_WARN_UNUSED_VARIABLE = YES;
				IPHONEOS_DEPLOYMENT_TARGET = 12.1;
				MTL_ENABLE_DEBUG_INFO = INCLUDE_SOURCE;
				MTL_FAST_MATH = YES;
				ONLY_ACTIVE_ARCH = YES;
				SDKROOT = iphoneos;
				SWIFT_ACTIVE_COMPILATION_CONDITIONS = DEBUG;
				SWIFT_OPTIMIZATION_LEVEL = "-Onone";
			};
			name = Debug;
		};
		EDB1B49E22460E3A00E206F5 /* Release */ = {
			isa = XCBuildConfiguration;
			buildSettings = {
				ALWAYS_SEARCH_USER_PATHS = NO;
				CLANG_ANALYZER_NONNULL = YES;
				CLANG_ANALYZER_NUMBER_OBJECT_CONVERSION = YES_AGGRESSIVE;
				CLANG_CXX_LANGUAGE_STANDARD = "gnu++14";
				CLANG_CXX_LIBRARY = "libc++";
				CLANG_ENABLE_MODULES = YES;
				CLANG_ENABLE_OBJC_ARC = YES;
				CLANG_ENABLE_OBJC_WEAK = YES;
				CLANG_WARN_BLOCK_CAPTURE_AUTORELEASING = YES;
				CLANG_WARN_BOOL_CONVERSION = YES;
				CLANG_WARN_COMMA = YES;
				CLANG_WARN_CONSTANT_CONVERSION = YES;
				CLANG_WARN_DEPRECATED_OBJC_IMPLEMENTATIONS = YES;
				CLANG_WARN_DIRECT_OBJC_ISA_USAGE = YES_ERROR;
				CLANG_WARN_DOCUMENTATION_COMMENTS = YES;
				CLANG_WARN_EMPTY_BODY = YES;
				CLANG_WARN_ENUM_CONVERSION = YES;
				CLANG_WARN_INFINITE_RECURSION = YES;
				CLANG_WARN_INT_CONVERSION = YES;
				CLANG_WARN_NON_LITERAL_NULL_CONVERSION = YES;
				CLANG_WARN_OBJC_IMPLICIT_RETAIN_SELF = YES;
				CLANG_WARN_OBJC_LITERAL_CONVERSION = YES;
				CLANG_WARN_OBJC_ROOT_CLASS = YES_ERROR;
				CLANG_WARN_RANGE_LOOP_ANALYSIS = YES;
				CLANG_WARN_STRICT_PROTOTYPES = YES;
				CLANG_WARN_SUSPICIOUS_MOVE = YES;
				CLANG_WARN_UNGUARDED_AVAILABILITY = YES_AGGRESSIVE;
				CLANG_WARN_UNREACHABLE_CODE = YES;
				CLANG_WARN__DUPLICATE_METHOD_MATCH = YES;
				CODE_SIGN_IDENTITY = "iPhone Developer";
				COPY_PHASE_STRIP = NO;
				DEBUG_INFORMATION_FORMAT = "dwarf-with-dsym";
				ENABLE_NS_ASSERTIONS = NO;
				ENABLE_STRICT_OBJC_MSGSEND = YES;
				GCC_C_LANGUAGE_STANDARD = gnu11;
				GCC_NO_COMMON_BLOCKS = YES;
				GCC_WARN_64_TO_32_BIT_CONVERSION = YES;
				GCC_WARN_ABOUT_RETURN_TYPE = YES_ERROR;
				GCC_WARN_UNDECLARED_SELECTOR = YES;
				GCC_WARN_UNINITIALIZED_AUTOS = YES_AGGRESSIVE;
				GCC_WARN_UNUSED_FUNCTION = YES;
				GCC_WARN_UNUSED_VARIABLE = YES;
				IPHONEOS_DEPLOYMENT_TARGET = 12.1;
				MTL_ENABLE_DEBUG_INFO = NO;
				MTL_FAST_MATH = YES;
				SDKROOT = iphoneos;
				SWIFT_COMPILATION_MODE = wholemodule;
				SWIFT_OPTIMIZATION_LEVEL = "-O";
				VALIDATE_PRODUCT = YES;
			};
			name = Release;
		};
		EDB1B4A022460E3A00E206F5 /* Debug */ = {
			isa = XCBuildConfiguration;
			buildSettings = {
				ASSETCATALOG_COMPILER_APPICON_NAME = AppIcon;
				CODE_SIGN_STYLE = Automatic;
				DEVELOPMENT_TEAM = K29XHG355X;
				INFOPLIST_FILE = SlideshowApp/Info.plist;
				LD_RUNPATH_SEARCH_PATHS = (
					"$(inherited)",
					"@executable_path/Frameworks",
				);
				PRODUCT_BUNDLE_IDENTIFIER = "com.gmail-s21161062.SlideshowApp";
				PRODUCT_NAME = "$(TARGET_NAME)";
				SWIFT_VERSION = 4.2;
				TARGETED_DEVICE_FAMILY = "1,2";
			};
			name = Debug;
		};
		EDB1B4A122460E3A00E206F5 /* Release */ = {
			isa = XCBuildConfiguration;
			buildSettings = {
				ASSETCATALOG_COMPILER_APPICON_NAME = AppIcon;
				CODE_SIGN_STYLE = Automatic;
				DEVELOPMENT_TEAM = K29XHG355X;
				INFOPLIST_FILE = SlideshowApp/Info.plist;
				LD_RUNPATH_SEARCH_PATHS = (
					"$(inherited)",
					"@executable_path/Frameworks",
				);
				PRODUCT_BUNDLE_IDENTIFIER = "com.gmail-s21161062.SlideshowApp";
				PRODUCT_NAME = "$(TARGET_NAME)";
				SWIFT_VERSION = 4.2;
				TARGETED_DEVICE_FAMILY = "1,2";
			};
			name = Release;
		};
		EDB1B4A322460E3A00E206F5 /* Debug */ = {
			isa = XCBuildConfiguration;
			buildSettings = {
				ALWAYS_EMBED_SWIFT_STANDARD_LIBRARIES = YES;
				BUNDLE_LOADER = "$(TEST_HOST)";
				CODE_SIGN_STYLE = Automatic;
				DEVELOPMENT_TEAM = K29XHG355X;
				INFOPLIST_FILE = SlideshowAppTests/Info.plist;
				LD_RUNPATH_SEARCH_PATHS = (
					"$(inherited)",
					"@executable_path/Frameworks",
					"@loader_path/Frameworks",
				);
				PRODUCT_BUNDLE_IDENTIFIER = "com.gmail-s21161062.SlideshowAppTests";
				PRODUCT_NAME = "$(TARGET_NAME)";
				SWIFT_VERSION = 4.2;
				TARGETED_DEVICE_FAMILY = "1,2";
				TEST_HOST = "$(BUILT_PRODUCTS_DIR)/SlideshowApp.app/SlideshowApp";
			};
			name = Debug;
		};
		EDB1B4A422460E3A00E206F5 /* Release */ = {
			isa = XCBuildConfiguration;
			buildSettings = {
				ALWAYS_EMBED_SWIFT_STANDARD_LIBRARIES = YES;
				BUNDLE_LOADER = "$(TEST_HOST)";
				CODE_SIGN_STYLE = Automatic;
				DEVELOPMENT_TEAM = K29XHG355X;
				INFOPLIST_FILE = SlideshowAppTests/Info.plist;
				LD_RUNPATH_SEARCH_PATHS = (
					"$(inherited)",
					"@executable_path/Frameworks",
					"@loader_path/Frameworks",
				);
				PRODUCT_BUNDLE_IDENTIFIER = "com.gmail-s21161062.SlideshowAppTests";
				PRODUCT_NAME = "$(TARGET_NAME)";
				SWIFT_VERSION = 4.2;
				TARGETED_DEVICE_FAMILY = "1,2";
				TEST_HOST = "$(BUILT_PRODUCTS_DIR)/SlideshowApp.app/SlideshowApp";
			};
			name = Release;
		};
		EDB1B4A622460E3A00E206F5 /* Debug */ = {
			isa = XCBuildConfiguration;
			buildSettings = {
				ALWAYS_EMBED_SWIFT_STANDARD_LIBRARIES = YES;
				CODE_SIGN_STYLE = Automatic;
				DEVELOPMENT_TEAM = K29XHG355X;
				INFOPLIST_FILE = SlideshowAppUITests/Info.plist;
				LD_RUNPATH_SEARCH_PATHS = (
					"$(inherited)",
					"@executable_path/Frameworks",
					"@loader_path/Frameworks",
				);
				PRODUCT_BUNDLE_IDENTIFIER = "com.gmail-s21161062.SlideshowAppUITests";
				PRODUCT_NAME = "$(TARGET_NAME)";
				SWIFT_VERSION = 4.2;
				TARGETED_DEVICE_FAMILY = "1,2";
				TEST_TARGET_NAME = SlideshowApp;
			};
			name = Debug;
		};
		EDB1B4A722460E3A00E206F5 /* Release */ = {
			isa = XCBuildConfiguration;
			buildSettings = {
				ALWAYS_EMBED_SWIFT_STANDARD_LIBRARIES = YES;
				CODE_SIGN_STYLE = Automatic;
				DEVELOPMENT_TEAM = K29XHG355X;
				INFOPLIST_FILE = SlideshowAppUITests/Info.plist;
				LD_RUNPATH_SEARCH_PATHS = (
					"$(inherited)",
					"@executable_path/Frameworks",
					"@loader_path/Frameworks",
				);
				PRODUCT_BUNDLE_IDENTIFIER = "com.gmail-s21161062.SlideshowAppUITests";
				PRODUCT_NAME = "$(TARGET_NAME)";
				SWIFT_VERSION = 4.2;
				TARGETED_DEVICE_FAMILY = "1,2";
				TEST_TARGET_NAME = SlideshowApp;
			};
			name = Release;
		};
/* End XCBuildConfiguration section */

/* Begin XCConfigurationList section */
		EDB1B47222460E3900E206F5 /* Build configuration list for PBXProject "SlideshowApp" */ = {
			isa = XCConfigurationList;
			buildConfigurations = (
				EDB1B49D22460E3A00E206F5 /* Debug */,
				EDB1B49E22460E3A00E206F5 /* Release */,
			);
			defaultConfigurationIsVisible = 0;
			defaultConfigurationName = Release;
		};
		EDB1B49F22460E3A00E206F5 /* Build configuration list for PBXNativeTarget "SlideshowApp" */ = {
			isa = XCConfigurationList;
			buildConfigurations = (
				EDB1B4A022460E3A00E206F5 /* Debug */,
				EDB1B4A122460E3A00E206F5 /* Release */,
			);
			defaultConfigurationIsVisible = 0;
			defaultConfigurationName = Release;
		};
		EDB1B4A222460E3A00E206F5 /* Build configuration list for PBXNativeTarget "SlideshowAppTests" */ = {
			isa = XCConfigurationList;
			buildConfigurations = (
				EDB1B4A322460E3A00E206F5 /* Debug */,
				EDB1B4A422460E3A00E206F5 /* Release */,
			);
			defaultConfigurationIsVisible = 0;
			defaultConfigurationName = Release;
		};
		EDB1B4A522460E3A00E206F5 /* Build configuration list for PBXNativeTarget "SlideshowAppUITests" */ = {
			isa = XCConfigurationList;
			buildConfigurations = (
				EDB1B4A622460E3A00E206F5 /* Debug */,
				EDB1B4A722460E3A00E206F5 /* Release */,
			);
			defaultConfigurationIsVisible = 0;
			defaultConfigurationName = Release;
		};
/* End XCConfigurationList section */
	};
	rootObject = EDB1B46F22460E3900E206F5 /* Project object */;
}
